
Microsoft Visual Studio Solution File, Format Version 12.00
# Visual Studio Version 16
VisualStudioVersion = 16.0.29411.108
MinimumVisualStudioVersion = 10.0.40219.1
Project("{FAE04EC0-301F-11D3-BF4B-00C04F79EFBC}") = "Tavi.Database", "Tavi.Database\Tavi.Database.csproj", "{54A7E7F4-2402-449A-8DE2-1915DC93A182}"
EndProject
Project("{FAE04EC0-301F-11D3-BF4B-00C04F79EFBC}") = "Tavi.Core", "Tavi.Core\Tavi.Core.csproj", "{73995F01-20D5-42DC-9450-699D64B147FD}"
EndProject
Project("{FAE04EC0-301F-11D3-BF4B-00C04F79EFBC}") = "Tavi.BoMayToChuc", "Tavi.BoMayToChuc\Tavi.BoMayToChuc.csproj", "{DAE97063-677E-45AD-B9EB-46F6888B6E76}"
EndProject
Project("{FAE04EC0-301F-11D3-BF4B-00C04F79EFBC}") = "Tavi.Website", "TaviV4\Tavi.Website.csproj", "{20926A11-45EC-4075-B2E3-3471A99AF631}"
EndProject
Project("{FAE04EC0-301F-11D3-BF4B-00C04F79EFBC}") = "Tavi.MRS", "Tavi.MRS\Tavi.MRS.csproj", "{91453CD7-3AD2-4FE6-8A4E-2AE5D9AD26CB}"
EndProject
Global
	GlobalSection(SolutionConfigurationPlatforms) = preSolution
		Debug|Any CPU = Debug|Any CPU
		Release|Any CPU = Release|Any CPU
	EndGlobalSection
	GlobalSection(ProjectConfigurationPlatforms) = postSolution
		{54A7E7F4-2402-449A-8DE2-1915DC93A182}.Debug|Any CPU.ActiveCfg = Debug|Any CPU
		{54A7E7F4-2402-449A-8DE2-1915DC93A182}.Debug|Any CPU.Build.0 = Debug|Any CPU
		{54A7E7F4-2402-449A-8DE2-1915DC93A182}.Release|Any CPU.ActiveCfg = Release|Any CPU
		{54A7E7F4-2402-449A-8DE2-1915DC93A182}.Release|Any CPU.Build.0 = Release|Any CPU
		{73995F01-20D5-42DC-9450-699D64B147FD}.Debug|Any CPU.ActiveCfg = Debug|Any CPU
		{73995F01-20D5-42DC-9450-699D64B147FD}.Debug|Any CPU.Build.0 = Debug|Any CPU
		{73995F01-20D5-42DC-9450-699D64B147FD}.Release|Any CPU.ActiveCfg = Release|Any CPU
		{73995F01-20D5-42DC-9450-699D64B147FD}.Release|Any CPU.Build.0 = Release|Any CPU
		{DAE97063-677E-45AD-B9EB-46F6888B6E76}.Debug|Any CPU.ActiveCfg = Debug|Any CPU
		{DAE97063-677E-45AD-B9EB-46F6888B6E76}.Debug|Any CPU.Build.0 = Debug|Any CPU
		{DAE97063-677E-45AD-B9EB-46F6888B6E76}.Release|Any CPU.ActiveCfg = Release|Any CPU
		{DAE97063-677E-45AD-B9EB-46F6888B6E76}.Release|Any CPU.Build.0 = Release|Any CPU
		{20926A11-45EC-4075-B2E3-3471A99AF631}.Debug|Any CPU.ActiveCfg = Debug|Any CPU
		{20926A11-45EC-4075-B2E3-3471A99AF631}.Debug|Any CPU.Build.0 = Debug|Any CPU
		{20926A11-45EC-4075-B2E3-3471A99AF631}.Release|Any CPU.ActiveCfg = Release|Any CPU
		{20926A11-45EC-4075-B2E3-3471A99AF631}.Release|Any CPU.Build.0 = Release|Any CPU
		{91453CD7-3AD2-4FE6-8A4E-2AE5D9AD26CB}.Debug|Any CPU.ActiveCfg = Debug|Any CPU
		{91453CD7-3AD2-4FE6-8A4E-2AE5D9AD26CB}.Debug|Any CPU.Build.0 = Debug|Any CPU
		{91453CD7-3AD2-4FE6-8A4E-2AE5D9AD26CB}.Release|Any CPU.ActiveCfg = Release|Any CPU
		{91453CD7-3AD2-4FE6-8A4E-2AE5D9AD26CB}.Release|Any CPU.Build.0 = Release|Any CPU
	EndGlobalSection
	GlobalSection(SolutionProperties) = preSolution
		HideSolutionNode = FALSE
	EndGlobalSection
	GlobalSection(ExtensibilityGlobals) = postSolution
		SolutionGuid = {6949A211-F77B-4C69-B9AB-8F36CCC51B60}
	EndGlobalSection
EndGlobal
